PODS:
  - Alamofire (4.7.0)
  - BEMCheckBox (1.4.1)
  - Cosmos (15.0.0)
  - DropDown (2.3.1)
  - FoldingCell (3.0.6)
  - GoogleMaps/Base (2.6.0)
  - GooglePlaces (2.6.0):
    - GoogleMaps/Base (= 2.6.0)
  - Kingfisher (4.7.0)
  - LocationPicker (1.1.0)
  - SwiftyJSON (4.0.0)
  - XLPagerTabStrip (8.0.1)

DEPENDENCIES:
  - Alamofire
  - Alamofire (~> 4.0)
  - BEMCheckBox
  - Cosmos
  - DropDown
  - FoldingCell
  - GooglePlaces
  - Kingfisher (~> 4.0)
  - LocationPicker
  - SwiftyJSON
  - XLPagerTabStrip

SPEC CHECKSUMS:
  Alamofire: 907e0a98eb68cdb7f9d1f541a563d6ac5dc77b25
  BEMCheckBox: 5ba6e37ade3d3657b36caecc35c8b75c6c2b1a4e
  Cosmos: a6dbd3d0baa0cc8f51f8598f7508d5a09d0a9ade
  DropDown: 20499c7b2731b0d21609af924e47c7677a2be50d
  FoldingCell: 4848ec8a2056d5751bfb710df14521fc64d48ad7
  GoogleMaps: 42f91c68b7fa2f84d5c86597b18ceb99f5414c7f
  GooglePlaces: f6ddf33b75cef69e888907d9947c57198ed845f3
  Kingfisher: da6b005aa96d37698e3e4f1ccfe96a5b9bbf27d6
  LocationPicker: 94dbd15ee053646d5c275d44b4dfce8634d66041
  SwiftyJSON: 070dabdcb1beb81b247c65ffa3a79dbbfb3b48aa
  XLPagerTabStrip: c908b17cbf42fcd2598ee1adfc49bae25444d88a

PODFILE CHECKSUM: d07318b85e3b7095db9246090bc31c0472b7c488

COCOAPODS: 1.4.0
